
Microsoft Visual Studio Solution File, Format Version 12.00
# Visual Studio Version 17
VisualStudioVersion = 17.4.33213.308
MinimumVisualStudioVersion = 10.0.40219.1
Project("{FAE04EC0-301F-11D3-BF4B-00C04F79EFBC}") = "PictureVotingTailzor.Server", "PictureVotingTailzor\Server\PictureVotingTailzor.Server.csproj", "{B8600A34-6998-4B65-9F04-E0BD1DE8C046}"
EndProject
Project("{FAE04EC0-301F-11D3-BF4B-00C04F79EFBC}") = "PictureVotingTailzor.Client", "PictureVotingTailzor\Client\PictureVotingTailzor.Client.csproj", "{39B094EE-06BB-4E94-9CB0-A12EB5D497C2}"
EndProject
Project("{FAE04EC0-301F-11D3-BF4B-00C04F79EFBC}") = "PictureVotingTailzor.Shared", "PictureVotingTailzor\Shared\PictureVotingTailzor.Shared.csproj", "{03F31BE2-56D4-400B-9402-064167A3A3DF}"
EndProject
Global
	GlobalSection(SolutionConfigurationPlatforms) = preSolution
		Debug|Any CPU = Debug|Any CPU
		Release|Any CPU = Release|Any CPU
	EndGlobalSection
	GlobalSection(ProjectConfigurationPlatforms) = postSolution
		{B8600A34-6998-4B65-9F04-E0BD1DE8C046}.Debug|Any CPU.ActiveCfg = Debug|Any CPU
		{B8600A34-6998-4B65-9F04-E0BD1DE8C046}.Debug|Any CPU.Build.0 = Debug|Any CPU
		{B8600A34-6998-4B65-9F04-E0BD1DE8C046}.Release|Any CPU.ActiveCfg = Release|Any CPU
		{B8600A34-6998-4B65-9F04-E0BD1DE8C046}.Release|Any CPU.Build.0 = Release|Any CPU
		{39B094EE-06BB-4E94-9CB0-A12EB5D497C2}.Debug|Any CPU.ActiveCfg = Debug|Any CPU
		{39B094EE-06BB-4E94-9CB0-A12EB5D497C2}.Debug|Any CPU.Build.0 = Debug|Any CPU
		{39B094EE-06BB-4E94-9CB0-A12EB5D497C2}.Release|Any CPU.ActiveCfg = Release|Any CPU
		{39B094EE-06BB-4E94-9CB0-A12EB5D497C2}.Release|Any CPU.Build.0 = Release|Any CPU
		{03F31BE2-56D4-400B-9402-064167A3A3DF}.Debug|Any CPU.ActiveCfg = Debug|Any CPU
		{03F31BE2-56D4-400B-9402-064167A3A3DF}.Debug|Any CPU.Build.0 = Debug|Any CPU
		{03F31BE2-56D4-400B-9402-064167A3A3DF}.Release|Any CPU.ActiveCfg = Release|Any CPU
		{03F31BE2-56D4-400B-9402-064167A3A3DF}.Release|Any CPU.Build.0 = Release|Any CPU
	EndGlobalSection
	GlobalSection(SolutionProperties) = preSolution
		HideSolutionNode = FALSE
	EndGlobalSection
	GlobalSection(ExtensibilityGlobals) = postSolution
		SolutionGuid = {EDB4BFFF-144B-4AE4-A624-52872D0F48A4}
	EndGlobalSection
EndGlobal
